<?xml version="1.0" encoding="utf-8"?>
<Project ToolsVersion="4.0" xmlns="http://schemas.microsoft.com/developer/msbuild/2003">
  <ItemGroup>
    <Filter Include="소스 파일">
      <UniqueIdentifier>{4FC737F1-C7A5-4376-A066-2A32D752A2FF}</UniqueIdentifier>
      <Extensions>cpp;c;cc;cxx;def;odl;idl;hpj;bat;asm;asmx</Extensions>
    </Filter>
    <Filter Include="헤더 파일">
      <UniqueIdentifier>{93995380-89BD-4b04-88EB-625FBE52EBFB}</UniqueIdentifier>
      <Extensions>h;hh;hpp;hxx;hm;inl;inc;xsd</Extensions>
    </Filter>
    <Filter Include="리소스 파일">
      <UniqueIdentifier>{67DA6AB6-F800-4c08-8B7A-83BB121AAD01}</UniqueIdentifier>
      <Extensions>rc;ico;cur;bmp;dlg;rc2;rct;bin;rgs;gif;jpg;jpeg;jpe;resx;tiff;tif;png;wav;mfcribbon-ms</Extensions>
    </Filter>
    <Filter Include="소스 파일\01.Scene">
      <UniqueIdentifier>{28f21947-e518-470f-b5c4-10f894c3c807}</UniqueIdentifier>
    </Filter>
    <Filter Include="소스 파일\01.Scene\01.MainScene">
      <UniqueIdentifier>{d1d0673f-bde3-4201-a8fb-4520cd962ed8}</UniqueIdentifier>
    </Filter>
    <Filter Include="소스 파일\02.Component">
      <UniqueIdentifier>{341809b6-16a1-4143-9e97-c55cfe1bb6d8}</UniqueIdentifier>
    </Filter>
    <Filter Include="소스 파일\03.Static Data">
      <UniqueIdentifier>{4c7fd93e-4ad0-4823-94b3-02cec5c59621}</UniqueIdentifier>
    </Filter>
    <Filter Include="소스 파일\02.Component\VFX">
      <UniqueIdentifier>{dd21b0b2-8a3c-4b28-bcf4-cb02ab1c622b}</UniqueIdentifier>
    </Filter>
    <Filter Include="소스 파일\02.Component\StageManager">
      <UniqueIdentifier>{92ac02d4-4c84-4255-8501-ff9341e596ef}</UniqueIdentifier>
    </Filter>
    <Filter Include="소스 파일\02.Component\Dialogue">
      <UniqueIdentifier>{09fdf77a-a2ee-4d70-b826-ec26279eaae9}</UniqueIdentifier>
    </Filter>
    <Filter Include="소스 파일\04. Thread">
      <UniqueIdentifier>{3b2c58ff-2931-4645-81c0-1164c8165cfb}</UniqueIdentifier>
    </Filter>
    <Filter Include="소스 파일\02.Component\Object">
      <UniqueIdentifier>{e8a52a2b-4677-47a2-83b3-4b2665ab7f8b}</UniqueIdentifier>
    </Filter>
  </ItemGroup>
  <ItemGroup>
    <ClCompile Include="main.cpp">
      <Filter>소스 파일</Filter>
    </ClCompile>
    <ClCompile Include="GameData.cpp">
      <Filter>소스 파일\03.Static Data</Filter>
    </ClCompile>
    <ClCompile Include="Scene\IntroScene.cpp">
      <Filter>소스 파일\01.Scene\01.MainScene</Filter>
    </ClCompile>
    <ClCompile Include="Component\Player.cpp">
      <Filter>소스 파일\02.Component</Filter>
    </ClCompile>
    <ClCompile Include="Component\Hair.cpp">
      <Filter>소스 파일\02.Component</Filter>
    </ClCompile>
    <ClCompile Include="Component\Pivot.cpp">
      <Filter>소스 파일</Filter>
    </ClCompile>
    <ClCompile Include="Option.cpp">
      <Filter>소스 파일\03.Static Data</Filter>
    </ClCompile>
    <ClCompile Include="Component\CameraMove.cpp">
      <Filter>소스 파일\02.Component</Filter>
    </ClCompile>
    <ClCompile Include="Component\CollisionDetecter.cpp">
      <Filter>소스 파일\02.Component</Filter>
    </ClCompile>
    <ClCompile Include="Component\HairTrail.cpp">
      <Filter>소스 파일\02.Component</Filter>
    </ClCompile>
    <ClCompile Include="Component\Celeste.cpp">
      <Filter>소스 파일\03.Static Data</Filter>
    </ClCompile>
    <ClCompile Include="Component\SceneEffect.cpp">
      <Filter>소스 파일\02.Component\VFX</Filter>
    </ClCompile>
    <ClCompile Include="Component\Death.cpp">
      <Filter>소스 파일\02.Component\VFX</Filter>
    </ClCompile>
    <ClCompile Include="Component\StageManager00.cpp">
      <Filter>소스 파일\02.Component\StageManager</Filter>
    </ClCompile>
    <ClCompile Include="Component\Dialogue.cpp">
      <Filter>소스 파일\02.Component\Dialogue</Filter>
    </ClCompile>
    <ClCompile Include="Scene\Chapter0.cpp">
      <Filter>소스 파일\01.Scene\01.MainScene</Filter>
    </ClCompile>
    <ClCompile Include="Component\StageManager01.cpp">
      <Filter>소스 파일\02.Component\StageManager</Filter>
    </ClCompile>
    <ClCompile Include="Scene\Chapter1.cpp">
      <Filter>소스 파일\01.Scene\01.MainScene</Filter>
    </ClCompile>
    <ClCompile Include="Component\ParticleManager.cpp">
      <Filter>소스 파일\02.Component\VFX</Filter>
    </ClCompile>
    <ClCompile Include="Component\ParticleMove.cpp">
      <Filter>소스 파일\02.Component\VFX</Filter>
    </ClCompile>
    <ClCompile Include="Component\Bird.cpp">
      <Filter>소스 파일\02.Component\Object</Filter>
    </ClCompile>
    <ClCompile Include="Component\Crumble.cpp">
      <Filter>소스 파일\02.Component\Object</Filter>
    </ClCompile>
    <ClCompile Include="Component\Dummy.cpp">
      <Filter>소스 파일\02.Component\Object</Filter>
    </ClCompile>
    <ClCompile Include="Component\FallBlock.cpp">
      <Filter>소스 파일\02.Component\Object</Filter>
    </ClCompile>
    <ClCompile Include="Component\MovingBlock.cpp">
      <Filter>소스 파일\02.Component\Object</Filter>
    </ClCompile>
    <ClCompile Include="Component\Refill.cpp">
      <Filter>소스 파일\02.Component\Object</Filter>
    </ClCompile>
    <ClCompile Include="Component\Strawberry.cpp">
      <Filter>소스 파일\02.Component\Object</Filter>
    </ClCompile>
    <ClCompile Include="Component\Distortion.cpp">
      <Filter>소스 파일\02.Component\VFX</Filter>
    </ClCompile>
    <ClCompile Include="Component\Haze.cpp">
      <Filter>소스 파일\02.Component\VFX</Filter>
    </ClCompile>
    <ClCompile Include="Component\TitleSceneManager.cpp">
      <Filter>소스 파일\02.Component\StageManager</Filter>
    </ClCompile>
    <ClCompile Include="Chapter1LoadingThread.cpp">
      <Filter>소스 파일\04. Thread</Filter>
    </ClCompile>
    <ClCompile Include="Chapter0LoadingThread.cpp">
      <Filter>소스 파일\04. Thread</Filter>
    </ClCompile>
    <ClCompile Include="Scene\TestScene.cpp">
      <Filter>소스 파일\01.Scene\01.MainScene</Filter>
    </ClCompile>
  </ItemGroup>
  <ItemGroup>
    <ClInclude Include="Client.h">
      <Filter>헤더 파일</Filter>
    </ClInclude>
    <ClInclude Include="resource.h">
      <Filter>헤더 파일</Filter>
    </ClInclude>
    <ClInclude Include="GameData.h">
      <Filter>소스 파일\03.Static Data</Filter>
    </ClInclude>
    <ClInclude Include="Scene\IntroScene.h">
      <Filter>소스 파일\01.Scene\01.MainScene</Filter>
    </ClInclude>
    <ClInclude Include="Component\Player.h">
      <Filter>소스 파일\02.Component</Filter>
    </ClInclude>
    <ClInclude Include="CelesteOrigin.h">
      <Filter>리소스 파일</Filter>
    </ClInclude>
    <ClInclude Include="Component\Hair.h">
      <Filter>소스 파일\02.Component</Filter>
    </ClInclude>
    <ClInclude Include="Component\Pivot.h">
      <Filter>헤더 파일</Filter>
    </ClInclude>
    <ClInclude Include="Option.h">
      <Filter>소스 파일\03.Static Data</Filter>
    </ClInclude>
    <ClInclude Include="Component\CameraMove.h">
      <Filter>소스 파일\02.Component</Filter>
    </ClInclude>
    <ClInclude Include="Component\CollisionDetecter.h">
      <Filter>소스 파일\02.Component</Filter>
    </ClInclude>
    <ClInclude Include="Component\HairTrail.h">
      <Filter>소스 파일\02.Component</Filter>
    </ClInclude>
    <ClInclude Include="Component\Celeste.h">
      <Filter>소스 파일\03.Static Data</Filter>
    </ClInclude>
    <ClInclude Include="Component\SceneEffect.h">
      <Filter>소스 파일\02.Component\VFX</Filter>
    </ClInclude>
    <ClInclude Include="Component\Death.h">
      <Filter>소스 파일\02.Component\VFX</Filter>
    </ClInclude>
    <ClInclude Include="Component\StageManager00.h">
      <Filter>소스 파일\02.Component\StageManager</Filter>
    </ClInclude>
    <ClInclude Include="Component\Dialogue.h">
      <Filter>소스 파일\02.Component\Dialogue</Filter>
    </ClInclude>
    <ClInclude Include="Scene\Chapter0.h">
      <Filter>소스 파일\01.Scene\01.MainScene</Filter>
    </ClInclude>
    <ClInclude Include="Component\StageManager01.h">
      <Filter>소스 파일\02.Component\StageManager</Filter>
    </ClInclude>
    <ClInclude Include="Scene\Chapter1.h">
      <Filter>소스 파일\01.Scene\01.MainScene</Filter>
    </ClInclude>
    <ClInclude Include="Component\ParticleManager.h">
      <Filter>소스 파일\02.Component\VFX</Filter>
    </ClInclude>
    <ClInclude Include="Component\ParticleMove.h">
      <Filter>소스 파일\02.Component\VFX</Filter>
    </ClInclude>
    <ClInclude Include="Component\Bird.h">
      <Filter>소스 파일\02.Component\Object</Filter>
    </ClInclude>
    <ClInclude Include="Component\Crumble.h">
      <Filter>소스 파일\02.Component\Object</Filter>
    </ClInclude>
    <ClInclude Include="Component\Dummy.h">
      <Filter>소스 파일\02.Component\Object</Filter>
    </ClInclude>
    <ClInclude Include="Component\FallBlock.h">
      <Filter>소스 파일\02.Component\Object</Filter>
    </ClInclude>
    <ClInclude Include="Component\MovingBlock.h">
      <Filter>소스 파일\02.Component\Object</Filter>
    </ClInclude>
    <ClInclude Include="Component\Refill.h">
      <Filter>소스 파일\02.Component\Object</Filter>
    </ClInclude>
    <ClInclude Include="Component\Strawberry.h">
      <Filter>소스 파일\02.Component\Object</Filter>
    </ClInclude>
    <ClInclude Include="Component\Distortion.h">
      <Filter>소스 파일\02.Component\VFX</Filter>
    </ClInclude>
    <ClInclude Include="Component\Haze.h">
      <Filter>소스 파일\02.Component\VFX</Filter>
    </ClInclude>
    <ClInclude Include="Component\TitleSceneManager.h">
      <Filter>소스 파일\02.Component\StageManager</Filter>
    </ClInclude>
    <ClInclude Include="Chapter1LoadingThread.h">
      <Filter>소스 파일\04. Thread</Filter>
    </ClInclude>
    <ClInclude Include="Chapter0LoadingThread.h">
      <Filter>소스 파일\04. Thread</Filter>
    </ClInclude>
    <ClInclude Include="Scene\TestScene.h">
      <Filter>소스 파일\01.Scene\01.MainScene</Filter>
    </ClInclude>
  </ItemGroup>
  <ItemGroup>
    <ResourceCompile Include="Client.rc">
      <Filter>리소스 파일</Filter>
    </ResourceCompile>
  </ItemGroup>
  <ItemGroup>
    <Image Include="..\Icon.png.ico">
      <Filter>리소스 파일</Filter>
    </Image>
  </ItemGroup>
  <ItemGroup>
    <Text Include="..\Bin\Texture\Celeste\Gameplay.txt">
      <Filter>리소스 파일</Filter>
    </Text>
    <Text Include="..\Bin\Texture\Celeste\PortraitIndex.txt">
      <Filter>리소스 파일</Filter>
    </Text>
  </ItemGroup>
</Project>